
Microsoft Visual Studio Solution File, Format Version 12.00
# Visual Studio 15
VisualStudioVersion = 15.0.28010.2046
MinimumVisualStudioVersion = 10.0.40219.1
Project("{8BC9CEB8-8B4A-11D0-8D11-00A0C91BC942}") = "simple_test", "simple_test.vcxproj", "{F2F0B29D-E5BA-47BD-A20C-6373652373DB}"
EndProject
Global
	GlobalSection(SolutionConfigurationPlatforms) = preSolution
		Debug|x64 = Debug|x64
		Debug|x86 = Debug|x86
		Release|x64 = Release|x64
		Release|x86 = Release|x86
	EndGlobalSection
	GlobalSection(ProjectConfigurationPlatforms) = postSolution
		{F2F0B29D-E5BA-47BD-A20C-6373652373DB}.Debug|x64.ActiveCfg = Debug|x64
		{F2F0B29D-E5BA-47BD-A20C-6373652373DB}.Debug|x64.Build.0 = Debug|x64
		{F2F0B29D-E5BA-47BD-A20C-6373652373DB}.Debug|x86.ActiveCfg = Debug|Win32
		{F2F0B29D-E5BA-47BD-A20C-6373652373DB}.Debug|x86.Build.0 = Debug|Win32
		{F2F0B29D-E5BA-47BD-A20C-6373652373DB}.Release|x64.ActiveCfg = Release|x64
		{F2F0B29D-E5BA-47BD-A20C-6373652373DB}.Release|x64.Build.0 = Release|x64
		{F2F0B29D-E5BA-47BD-A20C-6373652373DB}.Release|x86.ActiveCfg = Release|Win32
		{F2F0B29D-E5BA-47BD-A20C-6373652373DB}.Release|x86.Build.0 = Release|Win32
	EndGlobalSection
	GlobalSection(SolutionProperties) = preSolution
		HideSolutionNode = FALSE
	EndGlobalSection
	GlobalSection(ExtensibilityGlobals) = postSolution
		SolutionGuid = {653B76CD-F447-428A-8513-2420071444A5}
	EndGlobalSection
EndGlobal
