
Microsoft Visual Studio Solution File, Format Version 12.00
# Visual Studio 15
VisualStudioVersion = 15.0.28010.2036
MinimumVisualStudioVersion = 10.0.40219.1
Project("{8BC9CEB8-8B4A-11D0-8D11-00A0C91BC942}") = "static_library", "lib\static_library.vcxproj", "{990D865F-0DF2-40ED-8622-8DD0DB4A2128}"
EndProject
Project("{8BC9CEB8-8B4A-11D0-8D11-00A0C91BC942}") = "dynamic_library", "dll1\dynamic_library.vcxproj", "{92DBD108-3D52-419D-BC33-217327A4AD9D}"
EndProject
Project("{8BC9CEB8-8B4A-11D0-8D11-00A0C91BC942}") = "dynamic_library_with_implib", "dll2\dynamic_library_with_implib.vcxproj", "{4EA09877-C87B-489E-9F80-A921D8E66E46}"
EndProject
Project("{8BC9CEB8-8B4A-11D0-8D11-00A0C91BC942}") = "app", "app\app.vcxproj", "{4F775439-775E-4EB2-92F8-4B7F63A15E43}"
	ProjectSection(ProjectDependencies) = postProject
		{92DBD108-3D52-419D-BC33-217327A4AD9D} = {92DBD108-3D52-419D-BC33-217327A4AD9D}
		{990D865F-0DF2-40ED-8622-8DD0DB4A2128} = {990D865F-0DF2-40ED-8622-8DD0DB4A2128}
		{4EA09877-C87B-489E-9F80-A921D8E66E46} = {4EA09877-C87B-489E-9F80-A921D8E66E46}
	EndProjectSection
EndProject
Global
	GlobalSection(SolutionConfigurationPlatforms) = preSolution
		Debug|x64 = Debug|x64
		Debug|x86 = Debug|x86
		Release|x64 = Release|x64
		Release|x86 = Release|x86
	EndGlobalSection
	GlobalSection(ProjectConfigurationPlatforms) = postSolution
		{990D865F-0DF2-40ED-8622-8DD0DB4A2128}.Debug|x64.ActiveCfg = Debug|x64
		{990D865F-0DF2-40ED-8622-8DD0DB4A2128}.Debug|x64.Build.0 = Debug|x64
		{990D865F-0DF2-40ED-8622-8DD0DB4A2128}.Debug|x86.ActiveCfg = Debug|Win32
		{990D865F-0DF2-40ED-8622-8DD0DB4A2128}.Debug|x86.Build.0 = Debug|Win32
		{990D865F-0DF2-40ED-8622-8DD0DB4A2128}.Release|x64.ActiveCfg = Release|x64
		{990D865F-0DF2-40ED-8622-8DD0DB4A2128}.Release|x64.Build.0 = Release|x64
		{990D865F-0DF2-40ED-8622-8DD0DB4A2128}.Release|x86.ActiveCfg = Release|Win32
		{990D865F-0DF2-40ED-8622-8DD0DB4A2128}.Release|x86.Build.0 = Release|Win32
		{92DBD108-3D52-419D-BC33-217327A4AD9D}.Debug|x64.ActiveCfg = Debug|x64
		{92DBD108-3D52-419D-BC33-217327A4AD9D}.Debug|x64.Build.0 = Debug|x64
		{92DBD108-3D52-419D-BC33-217327A4AD9D}.Debug|x86.ActiveCfg = Debug|Win32
		{92DBD108-3D52-419D-BC33-217327A4AD9D}.Debug|x86.Build.0 = Debug|Win32
		{92DBD108-3D52-419D-BC33-217327A4AD9D}.Release|x64.ActiveCfg = Release|x64
		{92DBD108-3D52-419D-BC33-217327A4AD9D}.Release|x64.Build.0 = Release|x64
		{92DBD108-3D52-419D-BC33-217327A4AD9D}.Release|x86.ActiveCfg = Release|Win32
		{92DBD108-3D52-419D-BC33-217327A4AD9D}.Release|x86.Build.0 = Release|Win32
		{4EA09877-C87B-489E-9F80-A921D8E66E46}.Debug|x64.ActiveCfg = Debug|x64
		{4EA09877-C87B-489E-9F80-A921D8E66E46}.Debug|x64.Build.0 = Debug|x64
		{4EA09877-C87B-489E-9F80-A921D8E66E46}.Debug|x86.ActiveCfg = Debug|Win32
		{4EA09877-C87B-489E-9F80-A921D8E66E46}.Debug|x86.Build.0 = Debug|Win32
		{4EA09877-C87B-489E-9F80-A921D8E66E46}.Release|x64.ActiveCfg = Release|x64
		{4EA09877-C87B-489E-9F80-A921D8E66E46}.Release|x64.Build.0 = Release|x64
		{4EA09877-C87B-489E-9F80-A921D8E66E46}.Release|x86.ActiveCfg = Release|Win32
		{4EA09877-C87B-489E-9F80-A921D8E66E46}.Release|x86.Build.0 = Release|Win32
		{4F775439-775E-4EB2-92F8-4B7F63A15E43}.Debug|x64.ActiveCfg = Debug|x64
		{4F775439-775E-4EB2-92F8-4B7F63A15E43}.Debug|x64.Build.0 = Debug|x64
		{4F775439-775E-4EB2-92F8-4B7F63A15E43}.Debug|x86.ActiveCfg = Debug|Win32
		{4F775439-775E-4EB2-92F8-4B7F63A15E43}.Debug|x86.Build.0 = Debug|Win32
		{4F775439-775E-4EB2-92F8-4B7F63A15E43}.Release|x64.ActiveCfg = Release|x64
		{4F775439-775E-4EB2-92F8-4B7F63A15E43}.Release|x64.Build.0 = Release|x64
		{4F775439-775E-4EB2-92F8-4B7F63A15E43}.Release|x86.ActiveCfg = Release|Win32
		{4F775439-775E-4EB2-92F8-4B7F63A15E43}.Release|x86.Build.0 = Release|Win32
	EndGlobalSection
	GlobalSection(SolutionProperties) = preSolution
		HideSolutionNode = FALSE
	EndGlobalSection
	GlobalSection(ExtensibilityGlobals) = postSolution
		SolutionGuid = {D6B8F75A-8322-45FC-87C0-577EA4FE9944}
	EndGlobalSection
EndGlobal
